
Microsoft Visual Studio Solution File, Format Version 12.00
# Visual Studio 14
VisualStudioVersion = 14.0.25123.0
MinimumVisualStudioVersion = 10.0.40219.1
Project("{2150E333-8FDC-42A3-9474-1A3956D46DE8}") = "src", "src", "{F26C142B-666F-4601-B4BD-10CB7217524C}"
EndProject
Project("{2150E333-8FDC-42A3-9474-1A3956D46DE8}") = "test", "test", "{D3D6D1C4-D411-4331-A032-68ED2F122543}"
EndProject
Project("{8BB2217D-0F2D-49D1-97BC-3654ED321F3B}") = "DeSjoerd.FeedbackApp", "src\DeSjoerd.FeedbackApp\DeSjoerd.FeedbackApp.xproj", "{DFA1E917-2568-4B87-A242-3D48073BCC17}"
EndProject
Project("{8BB2217D-0F2D-49D1-97BC-3654ED321F3B}") = "DeSjoerd.FeedbackAppTests", "test\DeSjoerd.FeedbackAppTests\DeSjoerd.FeedbackAppTests.xproj", "{6C163487-B451-45BA-A11A-C95171DE2222}"
EndProject
Project("{2150E333-8FDC-42A3-9474-1A3956D46DE8}") = "Solution Items", "Solution Items", "{FA8CE03F-909D-4438-A86C-1B15D8AA7B04}"
	ProjectSection(SolutionItems) = preProject
		.gitignore = .gitignore
	EndProjectSection
EndProject
Global
	GlobalSection(SolutionConfigurationPlatforms) = preSolution
		Debug|Any CPU = Debug|Any CPU
		Release|Any CPU = Release|Any CPU
	EndGlobalSection
	GlobalSection(ProjectConfigurationPlatforms) = postSolution
		{DFA1E917-2568-4B87-A242-3D48073BCC17}.Debug|Any CPU.ActiveCfg = Debug|Any CPU
		{DFA1E917-2568-4B87-A242-3D48073BCC17}.Debug|Any CPU.Build.0 = Debug|Any CPU
		{DFA1E917-2568-4B87-A242-3D48073BCC17}.Release|Any CPU.ActiveCfg = Release|Any CPU
		{DFA1E917-2568-4B87-A242-3D48073BCC17}.Release|Any CPU.Build.0 = Release|Any CPU
		{6C163487-B451-45BA-A11A-C95171DE2222}.Debug|Any CPU.ActiveCfg = Debug|Any CPU
		{6C163487-B451-45BA-A11A-C95171DE2222}.Debug|Any CPU.Build.0 = Debug|Any CPU
		{6C163487-B451-45BA-A11A-C95171DE2222}.Release|Any CPU.ActiveCfg = Release|Any CPU
		{6C163487-B451-45BA-A11A-C95171DE2222}.Release|Any CPU.Build.0 = Release|Any CPU
	EndGlobalSection
	GlobalSection(SolutionProperties) = preSolution
		HideSolutionNode = FALSE
	EndGlobalSection
	GlobalSection(NestedProjects) = preSolution
		{DFA1E917-2568-4B87-A242-3D48073BCC17} = {F26C142B-666F-4601-B4BD-10CB7217524C}
		{6C163487-B451-45BA-A11A-C95171DE2222} = {D3D6D1C4-D411-4331-A032-68ED2F122543}
	EndGlobalSection
EndGlobal
